
Microsoft Visual Studio Solution File, Format Version 12.00
# Visual Studio Version 16
VisualStudioVersion = 16.0.31313.79
MinimumVisualStudioVersion = 10.0.40219.1
Project("{FAE04EC0-301F-11D3-BF4B-00C04F79EFBC}") = "Week5Academy.Esercitazione.Core", "Week5Academy.Esercitazione.Core\Week5Academy.Esercitazione.Core.csproj", "{D24FF137-748B-4217-8F26-2B9104308E57}"
EndProject
Project("{FAE04EC0-301F-11D3-BF4B-00C04F79EFBC}") = "Week5Academy.Esercitazione.MVC", "Week5Academy.Esercitazione.MVC\Week5Academy.Esercitazione.MVC.csproj", "{FFF4197B-CBB2-4AF4-B676-CBF85F5D0933}"
EndProject
Project("{FAE04EC0-301F-11D3-BF4B-00C04F79EFBC}") = "Week5Academy.Esercitazione.EF", "Week5Academy.Esercitazione.EF\Week5Academy.Esercitazione.EF.csproj", "{63A347EB-5B64-427D-9712-91143284D8D6}"
EndProject
Project("{FAE04EC0-301F-11D3-BF4B-00C04F79EFBC}") = "Week5Academy.Esercitazione.Mock", "Week5Academy.Esercitazione.Mock\Week5Academy.Esercitazione.Mock.csproj", "{C6839520-3ECF-4CCE-9699-086290624AA1}"
EndProject
Global
	GlobalSection(SolutionConfigurationPlatforms) = preSolution
		Debug|Any CPU = Debug|Any CPU
		Release|Any CPU = Release|Any CPU
	EndGlobalSection
	GlobalSection(ProjectConfigurationPlatforms) = postSolution
		{D24FF137-748B-4217-8F26-2B9104308E57}.Debug|Any CPU.ActiveCfg = Debug|Any CPU
		{D24FF137-748B-4217-8F26-2B9104308E57}.Debug|Any CPU.Build.0 = Debug|Any CPU
		{D24FF137-748B-4217-8F26-2B9104308E57}.Release|Any CPU.ActiveCfg = Release|Any CPU
		{D24FF137-748B-4217-8F26-2B9104308E57}.Release|Any CPU.Build.0 = Release|Any CPU
		{FFF4197B-CBB2-4AF4-B676-CBF85F5D0933}.Debug|Any CPU.ActiveCfg = Debug|Any CPU
		{FFF4197B-CBB2-4AF4-B676-CBF85F5D0933}.Debug|Any CPU.Build.0 = Debug|Any CPU
		{FFF4197B-CBB2-4AF4-B676-CBF85F5D0933}.Release|Any CPU.ActiveCfg = Release|Any CPU
		{FFF4197B-CBB2-4AF4-B676-CBF85F5D0933}.Release|Any CPU.Build.0 = Release|Any CPU
		{63A347EB-5B64-427D-9712-91143284D8D6}.Debug|Any CPU.ActiveCfg = Debug|Any CPU
		{63A347EB-5B64-427D-9712-91143284D8D6}.Debug|Any CPU.Build.0 = Debug|Any CPU
		{63A347EB-5B64-427D-9712-91143284D8D6}.Release|Any CPU.ActiveCfg = Release|Any CPU
		{63A347EB-5B64-427D-9712-91143284D8D6}.Release|Any CPU.Build.0 = Release|Any CPU
		{C6839520-3ECF-4CCE-9699-086290624AA1}.Debug|Any CPU.ActiveCfg = Debug|Any CPU
		{C6839520-3ECF-4CCE-9699-086290624AA1}.Debug|Any CPU.Build.0 = Debug|Any CPU
		{C6839520-3ECF-4CCE-9699-086290624AA1}.Release|Any CPU.ActiveCfg = Release|Any CPU
		{C6839520-3ECF-4CCE-9699-086290624AA1}.Release|Any CPU.Build.0 = Release|Any CPU
	EndGlobalSection
	GlobalSection(SolutionProperties) = preSolution
		HideSolutionNode = FALSE
	EndGlobalSection
	GlobalSection(ExtensibilityGlobals) = postSolution
		SolutionGuid = {D42170F4-4392-4EB4-9FF9-E69784B9B703}
	EndGlobalSection
EndGlobal
